<?xml version="1.0" encoding="utf-8"?>
<Project ToolsVersion="15.0" xmlns="http://schemas.microsoft.com/developer/msbuild/2003">
  <ItemGroup>
    <Filter Include="Common">
      <UniqueIdentifier>25b89ee0-426c-48bf-ac97-fa7ca58cb681</UniqueIdentifier>
    </Filter>
    <Filter Include="Assets">
      <UniqueIdentifier>a784cd1a-6774-4e9b-bd15-00192733e66c</UniqueIdentifier>
      <Extensions>bmp;fbx;gif;jpg;jpeg;tga;tiff;tif;png</Extensions>
    </Filter>
    <Filter Include="Engine">
      <UniqueIdentifier>{3941d82d-42f0-455b-9e29-56013760a9b9}</UniqueIdentifier>
    </Filter>
    <Filter Include="Engine\Headers">
      <UniqueIdentifier>{87e32648-aebe-449c-8c01-f10ab27ab213}</UniqueIdentifier>
    </Filter>
    <Filter Include="Engine\Sources">
      <UniqueIdentifier>{ffdfc52c-00c1-4b3e-9df8-2f552fb2deeb}</UniqueIdentifier>
    </Filter>
    <Filter Include="UIHelpers">
      <UniqueIdentifier>{c8b48535-2345-483b-9a0f-3784a89554dd}</UniqueIdentifier>
    </Filter>
    <Filter Include="UIHelpers\Headers">
      <UniqueIdentifier>{9093d43f-50fc-4e9a-9eef-f640432bab43}</UniqueIdentifier>
    </Filter>
    <Filter Include="UIHelpers\Sources">
      <UniqueIdentifier>{9f3d1525-aeff-4fbc-b0de-0f75aaed3285}</UniqueIdentifier>
    </Filter>
    <Filter Include="UIHelpers\Interfaces">
      <UniqueIdentifier>{f0d0763c-6e69-4bad-8ec1-b2d818b834cc}</UniqueIdentifier>
    </Filter>
    <Filter Include="ViewModel">
      <UniqueIdentifier>{4690feba-5c64-4709-b75f-f0243b1909ba}</UniqueIdentifier>
    </Filter>
  </ItemGroup>
  <ItemGroup>
    <ApplicationDefinition Include="App.xaml" />
  </ItemGroup>
  <ItemGroup>
    <ClCompile Include="pch.cpp" />
    <ClCompile Include="Profile.cpp">
      <Filter>Engine\Sources</Filter>
    </ClCompile>
    <ClCompile Include="Profiles.cpp">
      <Filter>UIHelpers\Sources</Filter>
    </ClCompile>
  </ItemGroup>
  <ItemGroup>
    <ClInclude Include="pch.h" />
    <ClInclude Include="Profile.h">
      <Filter>Engine\Headers</Filter>
    </ClInclude>
    <ClInclude Include="Profiles.h">
      <Filter>UIHelpers\Headers</Filter>
    </ClInclude>
  </ItemGroup>
  <ItemGroup>
    <Image Include="Assets\LockScreenLogo.scale-200.png">
      <Filter>Assets</Filter>
    </Image>
    <Image Include="Assets\SplashScreen.scale-200.png">
      <Filter>Assets</Filter>
    </Image>
    <Image Include="Assets\Square150x150Logo.scale-200.png">
      <Filter>Assets</Filter>
    </Image>
    <Image Include="Assets\Square44x44Logo.scale-200.png">
      <Filter>Assets</Filter>
    </Image>
    <Image Include="Assets\Square44x44Logo.targetsize-24_altform-unplated.png">
      <Filter>Assets</Filter>
    </Image>
    <Image Include="Assets\StoreLogo.png">
      <Filter>Assets</Filter>
    </Image>
    <Image Include="Assets\Wide310x150Logo.scale-200.png">
      <Filter>Assets</Filter>
    </Image>
  </ItemGroup>
  <ItemGroup>
    <AppxManifest Include="Package.appxmanifest" />
  </ItemGroup>
  <ItemGroup>
    <Page Include="MainPage.xaml" />
  </ItemGroup>
  <ItemGroup>
    <None Include="ViewModel\ViewModelLocator.cs">
      <Filter>ViewModel</Filter>
    </None>
    <None Include="ViewModel\MainViewModel.cs">
      <Filter>ViewModel</Filter>
    </None>
    <None Include="packages.config" />
  </ItemGroup>
</Project>